{
  "name": "capacitor-google-fit",
  "version": "0.1.1",
  "lockfileVersion": 1,
  "requires": true,
  "dependencies": {
    "@capacitor/android": {
      "version": "2.4.0",
      "resolved": "https://registry.npmjs.org/@capacitor/android/-/android-2.4.0.tgz",
      "integrity": "sha512-5sJicZjtuBRgtmBuV1kvWnIjlu7bnw2TGGp62UXf0ZrjvMUCYSFHBqIHZ8neffW7a3xM5cdGMUlxJ+HfA9ntAg==",
      "dev": true
    },
    "@capacitor/core": {
      "version": "2.4.0",
      "resolved": "https://registry.npmjs.org/@capacitor/core/-/core-2.4.0.tgz",
      "integrity": "sha512-zL+3yKjLNkU6QwIB/Fp9rg+qDLsO44/ibrIgaZZRXcDCwScwanjXCgco/jXQl3jGFcZzanm59wKhMcJr9xQH0Q==",
      "requires": {
        "tslib": "^1.9.0"
      }
    },
    "tslib": {
      "version": "1.13.0",
      "resolved": "https://registry.npmjs.org/tslib/-/tslib-1.13.0.tgz",
      "integrity": "sha512-i/6DQjL8Xf3be4K/E6Wgpekn5Qasl1usyw++dAA35Ue5orEn65VIxOA+YvNNl9HV3qv70T7CNwjODHZrLwvd1Q=="
    },
    "typescript": {
      "version": "3.6.3",
      "resolved": "https://registry.npmjs.org/typescript/-/typescript-3.6.3.tgz",
      "integrity": "sha512-N7bceJL1CtRQ2RiG0AQME13ksR7DiuQh/QehubYcghzv20tnh+MQnQIuJddTmsbqYj+dztchykemz0zFzlvdQw==",
      "dev": true
    }
  }
}