{
  "name": "capacitor-google-fit",
  "version": "0.0.6",
  "lockfileVersion": 1,
  "requires": true,
  "dependencies": {
    "@capacitor/android": {
      "version": "2.0.1",
      "resolved": "https://registry.npmjs.org/@capacitor/android/-/android-2.0.1.tgz",
      "integrity": "sha512-UKjeY34BlLGvRzDdPLk3/u0j9Ufmyy1gtHGKP6uZ3Qh0ciHFFKnL7PVw5Tf+H19HHPfZIal4rGTndvAWQsCMeA==",
      "dev": true
    },
    "@capacitor/core": {
      "version": "2.0.1",
      "resolved": "https://registry.npmjs.org/@capacitor/core/-/core-2.0.1.tgz",
      "integrity": "sha512-6GoklVQdHZ6jBAkVgPySaTBw+/zz4P+U1yFZkNTVdYAEGze4Zv5cGlUF6OpvlZRiCk3p7ZWt4kC8baIh/Zxu3A==",
      "requires": {
        "tslib": "^1.9.0"
      }
    },
    "tslib": {
      "version": "1.11.1",
      "resolved": "https://registry.npmjs.org/tslib/-/tslib-1.11.1.tgz",
      "integrity": "sha512-aZW88SY8kQbU7gpV19lN24LtXh/yD4ZZg6qieAJDDg+YBsJcSmLGK9QpnUjAKVG/xefmvJGd1WUmfpT/g6AJGA=="
    },
    "typescript": {
      "version": "3.6.3",
      "resolved": "https://registry.npmjs.org/typescript/-/typescript-3.6.3.tgz",
      "integrity": "sha512-N7bceJL1CtRQ2RiG0AQME13ksR7DiuQh/QehubYcghzv20tnh+MQnQIuJddTmsbqYj+dztchykemz0zFzlvdQw==",
      "dev": true
    }
  }
}
