{
  "name": "capacitor-google-fit",
  "version": "0.2.3",
  "lockfileVersion": 2,
  "requires": true,
  "packages": {
    "": {
      "name": "capacitor-google-fit",
      "version": "0.2.3",
      "license": "MIT",
      "dependencies": {
        "@capacitor/core": "latest"
      },
      "devDependencies": {
        "@capacitor/android": "latest",
        "@ionic/prettier-config": "^2.0.0",
        "prettier": "^2.5.1",
        "prettier-plugin-java": "^1.6.1",
        "typescript": "3.6.3"
      }
    },
    "node_modules/@capacitor/android": {
      "version": "3.4.1",
      "resolved": "https://registry.npmjs.org/@capacitor/android/-/android-3.4.1.tgz",
      "integrity": "sha512-4qQGEdZTW8W01PTOzSScmx9NBDcsi1GRl32tyYnpQrjdH2f7hI9OX2MLbNkirtOwKNCDeinQfEqqn0hVCkgHag==",
      "dev": true,
      "peerDependencies": {
        "@capacitor/core": "^3.4.0"
      }
    },
    "node_modules/@capacitor/core": {
      "version": "3.4.1",
      "resolved": "https://registry.npmjs.org/@capacitor/core/-/core-3.4.1.tgz",
      "integrity": "sha512-BwN925gwXGEVAhnnVAXH57cp+/YW5PhFZloGYaN3Sm8eKcYDNeti38lV9DQ8A/T5PYkJw/+TSu8SsuoEQD0vwQ==",
      "dependencies": {
        "tslib": "^2.1.0"
      }
    },
    "node_modules/@ionic/prettier-config": {
      "version": "2.0.0",
      "resolved": "https://registry.npmjs.org/@ionic/prettier-config/-/prettier-config-2.0.0.tgz",
      "integrity": "sha512-ageMx54B9qqS1scnFW3kQW2NW8HyXwUM/p9c1YSWFKr6Yct7YVNbJFY3EcFapaNTiDnwo+GLlPRt+wST6E8AfA==",
      "dev": true,
      "peerDependencies": {
        "prettier": "^2.0.0"
      }
    },
    "node_modules/chevrotain": {
      "version": "6.5.0",
      "resolved": "https://registry.npmjs.org/chevrotain/-/chevrotain-6.5.0.tgz",
      "integrity": "sha512-BwqQ/AgmKJ8jcMEjaSnfMybnKMgGTrtDKowfTP3pX4jwVy0kNjRsT/AP6h+wC3+3NC+X8X15VWBnTCQlX+wQFg==",
      "dev": true,
      "dependencies": {
        "regexp-to-ast": "0.4.0"
      }
    },
    "node_modules/java-parser": {
      "version": "2.0.1",
      "resolved": "https://registry.npmjs.org/java-parser/-/java-parser-2.0.1.tgz",
      "integrity": "sha512-IPzs8LN8drvAZKbgW1MLLsrEeW4TwSy714I6ZHlEGNV6/42S2xRU5zDn3lP6uZQakwi7nyC00T6lZvwEnBujzw==",
      "dev": true,
      "dependencies": {
        "chevrotain": "6.5.0",
        "lodash": "4.17.21"
      }
    },
    "node_modules/lodash": {
      "version": "4.17.21",
      "resolved": "https://registry.npmjs.org/lodash/-/lodash-4.17.21.tgz",
      "integrity": "sha512-v2kDEe57lecTulaDIuNTPy3Ry4gLGJ6Z1O3vE1krgXZNrsQ+LFTGHVxVjcXPs17LhbZVGedAJv8XZ1tvj5FvSg==",
      "dev": true
    },
    "node_modules/prettier": {
      "version": "2.5.1",
      "resolved": "https://registry.npmjs.org/prettier/-/prettier-2.5.1.tgz",
      "integrity": "sha512-vBZcPRUR5MZJwoyi3ZoyQlc1rXeEck8KgeC9AwwOn+exuxLxq5toTRDTSaVrXHxelDMHy9zlicw8u66yxoSUFg==",
      "dev": true,
      "bin": {
        "prettier": "bin-prettier.js"
      },
      "engines": {
        "node": ">=10.13.0"
      }
    },
    "node_modules/prettier-plugin-java": {
      "version": "1.6.1",
      "resolved": "https://registry.npmjs.org/prettier-plugin-java/-/prettier-plugin-java-1.6.1.tgz",
      "integrity": "sha512-kSY17V/P88nILlILb5iMp16TVJy6Ls9Jy4zAzI4+GsEuRDZH5VqRuLd8aJS1ImWxVgRjNBmoFOjxYyxkRM0SRA==",
      "dev": true,
      "dependencies": {
        "java-parser": "2.0.1",
        "lodash": "4.17.21",
        "prettier": "2.3.1"
      }
    },
    "node_modules/prettier-plugin-java/node_modules/prettier": {
      "version": "2.3.1",
      "resolved": "https://registry.npmjs.org/prettier/-/prettier-2.3.1.tgz",
      "integrity": "sha512-p+vNbgpLjif/+D+DwAZAbndtRrR0md0MwfmOVN9N+2RgyACMT+7tfaRnT+WDPkqnuVwleyuBIG2XBxKDme3hPA==",
      "dev": true,
      "bin": {
        "prettier": "bin-prettier.js"
      },
      "engines": {
        "node": ">=10.13.0"
      }
    },
    "node_modules/regexp-to-ast": {
      "version": "0.4.0",
      "resolved": "https://registry.npmjs.org/regexp-to-ast/-/regexp-to-ast-0.4.0.tgz",
      "integrity": "sha512-4qf/7IsIKfSNHQXSwial1IFmfM1Cc/whNBQqRwe0V2stPe7KmN1U0tWQiIx6JiirgSrisjE0eECdNf7Tav1Ntw==",
      "dev": true
    },
    "node_modules/tslib": {
      "version": "2.3.1",
      "resolved": "https://registry.npmjs.org/tslib/-/tslib-2.3.1.tgz",
      "integrity": "sha512-77EbyPPpMz+FRFRuAFlWMtmgUWGe9UOG2Z25NqCwiIjRhOf5iKGuzSe5P2w1laq+FkRy4p+PCuVkJSGkzTEKVw=="
    },
    "node_modules/typescript": {
      "version": "3.6.3",
      "resolved": "https://registry.npmjs.org/typescript/-/typescript-3.6.3.tgz",
      "integrity": "sha512-N7bceJL1CtRQ2RiG0AQME13ksR7DiuQh/QehubYcghzv20tnh+MQnQIuJddTmsbqYj+dztchykemz0zFzlvdQw==",
      "dev": true,
      "bin": {
        "tsc": "bin/tsc",
        "tsserver": "bin/tsserver"
      },
      "engines": {
        "node": ">=4.2.0"
      }
    }
  },
  "dependencies": {
    "@capacitor/android": {
      "version": "3.4.1",
      "resolved": "https://registry.npmjs.org/@capacitor/android/-/android-3.4.1.tgz",
      "integrity": "sha512-4qQGEdZTW8W01PTOzSScmx9NBDcsi1GRl32tyYnpQrjdH2f7hI9OX2MLbNkirtOwKNCDeinQfEqqn0hVCkgHag==",
      "dev": true,
      "requires": {}
    },
    "@capacitor/core": {
      "version": "3.4.1",
      "resolved": "https://registry.npmjs.org/@capacitor/core/-/core-3.4.1.tgz",
      "integrity": "sha512-BwN925gwXGEVAhnnVAXH57cp+/YW5PhFZloGYaN3Sm8eKcYDNeti38lV9DQ8A/T5PYkJw/+TSu8SsuoEQD0vwQ==",
      "requires": {
        "tslib": "^2.1.0"
      }
    },
    "@ionic/prettier-config": {
      "version": "2.0.0",
      "resolved": "https://registry.npmjs.org/@ionic/prettier-config/-/prettier-config-2.0.0.tgz",
      "integrity": "sha512-ageMx54B9qqS1scnFW3kQW2NW8HyXwUM/p9c1YSWFKr6Yct7YVNbJFY3EcFapaNTiDnwo+GLlPRt+wST6E8AfA==",
      "dev": true,
      "requires": {}
    },
    "chevrotain": {
      "version": "6.5.0",
      "resolved": "https://registry.npmjs.org/chevrotain/-/chevrotain-6.5.0.tgz",
      "integrity": "sha512-BwqQ/AgmKJ8jcMEjaSnfMybnKMgGTrtDKowfTP3pX4jwVy0kNjRsT/AP6h+wC3+3NC+X8X15VWBnTCQlX+wQFg==",
      "dev": true,
      "requires": {
        "regexp-to-ast": "0.4.0"
      }
    },
    "java-parser": {
      "version": "2.0.1",
      "resolved": "https://registry.npmjs.org/java-parser/-/java-parser-2.0.1.tgz",
      "integrity": "sha512-IPzs8LN8drvAZKbgW1MLLsrEeW4TwSy714I6ZHlEGNV6/42S2xRU5zDn3lP6uZQakwi7nyC00T6lZvwEnBujzw==",
      "dev": true,
      "requires": {
        "chevrotain": "6.5.0",
        "lodash": "4.17.21"
      }
    },
    "lodash": {
      "version": "4.17.21",
      "resolved": "https://registry.npmjs.org/lodash/-/lodash-4.17.21.tgz",
      "integrity": "sha512-v2kDEe57lecTulaDIuNTPy3Ry4gLGJ6Z1O3vE1krgXZNrsQ+LFTGHVxVjcXPs17LhbZVGedAJv8XZ1tvj5FvSg==",
      "dev": true
    },
    "prettier": {
      "version": "2.5.1",
      "resolved": "https://registry.npmjs.org/prettier/-/prettier-2.5.1.tgz",
      "integrity": "sha512-vBZcPRUR5MZJwoyi3ZoyQlc1rXeEck8KgeC9AwwOn+exuxLxq5toTRDTSaVrXHxelDMHy9zlicw8u66yxoSUFg==",
      "dev": true
    },
    "prettier-plugin-java": {
      "version": "1.6.1",
      "resolved": "https://registry.npmjs.org/prettier-plugin-java/-/prettier-plugin-java-1.6.1.tgz",
      "integrity": "sha512-kSY17V/P88nILlILb5iMp16TVJy6Ls9Jy4zAzI4+GsEuRDZH5VqRuLd8aJS1ImWxVgRjNBmoFOjxYyxkRM0SRA==",
      "dev": true,
      "requires": {
        "java-parser": "2.0.1",
        "lodash": "4.17.21",
        "prettier": "2.3.1"
      },
      "dependencies": {
        "prettier": {
          "version": "2.3.1",
          "resolved": "https://registry.npmjs.org/prettier/-/prettier-2.3.1.tgz",
          "integrity": "sha512-p+vNbgpLjif/+D+DwAZAbndtRrR0md0MwfmOVN9N+2RgyACMT+7tfaRnT+WDPkqnuVwleyuBIG2XBxKDme3hPA==",
          "dev": true
        }
      }
    },
    "regexp-to-ast": {
      "version": "0.4.0",
      "resolved": "https://registry.npmjs.org/regexp-to-ast/-/regexp-to-ast-0.4.0.tgz",
      "integrity": "sha512-4qf/7IsIKfSNHQXSwial1IFmfM1Cc/whNBQqRwe0V2stPe7KmN1U0tWQiIx6JiirgSrisjE0eECdNf7Tav1Ntw==",
      "dev": true
    },
    "tslib": {
      "version": "2.3.1",
      "resolved": "https://registry.npmjs.org/tslib/-/tslib-2.3.1.tgz",
      "integrity": "sha512-77EbyPPpMz+FRFRuAFlWMtmgUWGe9UOG2Z25NqCwiIjRhOf5iKGuzSe5P2w1laq+FkRy4p+PCuVkJSGkzTEKVw=="
    },
    "typescript": {
      "version": "3.6.3",
      "resolved": "https://registry.npmjs.org/typescript/-/typescript-3.6.3.tgz",
      "integrity": "sha512-N7bceJL1CtRQ2RiG0AQME13ksR7DiuQh/QehubYcghzv20tnh+MQnQIuJddTmsbqYj+dztchykemz0zFzlvdQw==",
      "dev": true
    }
  }
}
